
Microsoft Visual Studio Solution File, Format Version 12.00
# Visual Studio Version 17
VisualStudioVersion = 17.3.32825.248
MinimumVisualStudioVersion = 10.0.40219.1
Project("{FAE04EC0-301F-11D3-BF4B-00C04F79EFBC}") = "cv11", "cv11\cv11.csproj", "{7FB39F73-8DC1-4D54-81F7-A0461FD1DBCE}"
EndProject
Global
	GlobalSection(SolutionConfigurationPlatforms) = preSolution
		Debug|Any CPU = Debug|Any CPU
		Release|Any CPU = Release|Any CPU
	EndGlobalSection
	GlobalSection(ProjectConfigurationPlatforms) = postSolution
		{7FB39F73-8DC1-4D54-81F7-A0461FD1DBCE}.Debug|Any CPU.ActiveCfg = Debug|Any CPU
		{7FB39F73-8DC1-4D54-81F7-A0461FD1DBCE}.Debug|Any CPU.Build.0 = Debug|Any CPU
		{7FB39F73-8DC1-4D54-81F7-A0461FD1DBCE}.Release|Any CPU.ActiveCfg = Release|Any CPU
		{7FB39F73-8DC1-4D54-81F7-A0461FD1DBCE}.Release|Any CPU.Build.0 = Release|Any CPU
	EndGlobalSection
	GlobalSection(SolutionProperties) = preSolution
		HideSolutionNode = FALSE
	EndGlobalSection
	GlobalSection(ExtensibilityGlobals) = postSolution
		SolutionGuid = {B49E5CF9-F075-4195-863A-78FFD44EA118}
	EndGlobalSection
EndGlobal
